// !$*UTF8*$!
{
	archiveVersion = 1;
	classes = {
	};
	objectVersion = 51;
	objects = {

/* Begin PBXBuildFile section */
		6145495A631A343270139452 /* Pods_GrassChoppersTests.framework in Frameworks */ = {isa = PBXBuildFile; fileRef = 6449AEDBEC2C295F09737911 /* Pods_GrassChoppersTests.framework */; };
		6C743DEB0BFF0A880528EF0A /* Pods_GrassChoppers_GrassChoppersUITests.framework in Frameworks */ = {isa = PBXBuildFile; fileRef = 0E990D92A5DAA8167A75D007 /* Pods_GrassChoppers_GrassChoppersUITests.framework */; };
		8B56E45724D3B70000EDDF41 /* AppDelegate.swift in Sources */ = {isa = PBXBuildFile; fileRef = 8B56E45624D3B70000EDDF41 /* AppDelegate.swift */; };
		8B56E45924D3B70000EDDF41 /* SceneDelegate.swift in Sources */ = {isa = PBXBuildFile; fileRef = 8B56E45824D3B70000EDDF41 /* SceneDelegate.swift */; };
		8B56E46024D3B70100EDDF41 /* Assets.xcassets in Resources */ = {isa = PBXBuildFile; fileRef = 8B56E45F24D3B70100EDDF41 /* Assets.xcassets */; };
		8B56E46324D3B70100EDDF41 /* LaunchScreen.storyboard in Resources */ = {isa = PBXBuildFile; fileRef = 8B56E46124D3B70100EDDF41 /* LaunchScreen.storyboard */; };
		8B56E46E24D3B70100EDDF41 /* GrassChoppersTests.swift in Sources */ = {isa = PBXBuildFile; fileRef = 8B56E46D24D3B70100EDDF41 /* GrassChoppersTests.swift */; };
		8B56E47924D3B70100EDDF41 /* GrassChoppersUITests.swift in Sources */ = {isa = PBXBuildFile; fileRef = 8B56E47824D3B70100EDDF41 /* GrassChoppersUITests.swift */; };
		8B56E4A924D3BA5B00EDDF41 /* DataManager.swift in Sources */ = {isa = PBXBuildFile; fileRef = 8B56E4A324D3BA5B00EDDF41 /* DataManager.swift */; };
		8B56E4AA24D3BA5B00EDDF41 /* ViewController.swift in Sources */ = {isa = PBXBuildFile; fileRef = 8B56E4A424D3BA5B00EDDF41 /* ViewController.swift */; };
		8B56E4AB24D3BA5B00EDDF41 /* Assembly.swift in Sources */ = {isa = PBXBuildFile; fileRef = 8B56E4A524D3BA5B00EDDF41 /* Assembly.swift */; };
		8B56E4AC24D3BA5B00EDDF41 /* LogicController.swift in Sources */ = {isa = PBXBuildFile; fileRef = 8B56E4A624D3BA5B00EDDF41 /* LogicController.swift */; };
		8B56E4AD24D3BA5B00EDDF41 /* Router.swift in Sources */ = {isa = PBXBuildFile; fileRef = 8B56E4A724D3BA5B00EDDF41 /* Router.swift */; };
		8B56E4AE24D3BA5B00EDDF41 /* Module.swift in Sources */ = {isa = PBXBuildFile; fileRef = 8B56E4A824D3BA5B00EDDF41 /* Module.swift */; };
		9701BB0638C1609BD1C582DA /* Pods_GrassChoppers.framework in Frameworks */ = {isa = PBXBuildFile; fileRef = 497F6234C23FEB212E9B4566 /* Pods_GrassChoppers.framework */; };
/* End PBXBuildFile section */

/* Begin PBXContainerItemProxy section */
		8B56E46A24D3B70100EDDF41 /* PBXContainerItemProxy */ = {
			isa = PBXContainerItemProxy;
			containerPortal = 8B56E44B24D3B70000EDDF41 /* Project object */;
			proxyType = 1;
			remoteGlobalIDString = 8B56E45224D3B70000EDDF41;
			remoteInfo = GrassChoppers;
		};
		8B56E47524D3B70100EDDF41 /* PBXContainerItemProxy */ = {
			isa = PBXContainerItemProxy;
			containerPortal = 8B56E44B24D3B70000EDDF41 /* Project object */;
			proxyType = 1;
			remoteGlobalIDString = 8B56E45224D3B70000EDDF41;
			remoteInfo = GrassChoppers;
		};
/* End PBXContainerItemProxy section */

/* Begin PBXFileReference section */
		0E990D92A5DAA8167A75D007 /* Pods_GrassChoppers_GrassChoppersUITests.framework */ = {isa = PBXFileReference; explicitFileType = wrapper.framework; includeInIndex = 0; path = Pods_GrassChoppers_GrassChoppersUITests.framework; sourceTree = BUILT_PRODUCTS_DIR; };
		1D306587B871AE1B5F62790A /* Pods-GrassChoppersTests.release.xcconfig */ = {isa = PBXFileReference; includeInIndex = 1; lastKnownFileType = text.xcconfig; name = "Pods-GrassChoppersTests.release.xcconfig"; path = "Target Support Files/Pods-GrassChoppersTests/Pods-GrassChoppersTests.release.xcconfig"; sourceTree = "<group>"; };
		300D67B82E29FFDA9B27BB6C /* Pods-GrassChoppersTests.debug.xcconfig */ = {isa = PBXFileReference; includeInIndex = 1; lastKnownFileType = text.xcconfig; name = "Pods-GrassChoppersTests.debug.xcconfig"; path = "Target Support Files/Pods-GrassChoppersTests/Pods-GrassChoppersTests.debug.xcconfig"; sourceTree = "<group>"; };
		497F6234C23FEB212E9B4566 /* Pods_GrassChoppers.framework */ = {isa = PBXFileReference; explicitFileType = wrapper.framework; includeInIndex = 0; path = Pods_GrassChoppers.framework; sourceTree = BUILT_PRODUCTS_DIR; };
		6449AEDBEC2C295F09737911 /* Pods_GrassChoppersTests.framework */ = {isa = PBXFileReference; explicitFileType = wrapper.framework; includeInIndex = 0; path = Pods_GrassChoppersTests.framework; sourceTree = BUILT_PRODUCTS_DIR; };
		67F0E95C70E2DFDDB2EA84D2 /* Pods-GrassChoppers.debug.xcconfig */ = {isa = PBXFileReference; includeInIndex = 1; lastKnownFileType = text.xcconfig; name = "Pods-GrassChoppers.debug.xcconfig"; path = "Target Support Files/Pods-GrassChoppers/Pods-GrassChoppers.debug.xcconfig"; sourceTree = "<group>"; };
		8B56E45324D3B70000EDDF41 /* GrassChoppers.app */ = {isa = PBXFileReference; explicitFileType = wrapper.application; includeInIndex = 0; path = GrassChoppers.app; sourceTree = BUILT_PRODUCTS_DIR; };
		8B56E45624D3B70000EDDF41 /* AppDelegate.swift */ = {isa = PBXFileReference; lastKnownFileType = sourcecode.swift; path = AppDelegate.swift; sourceTree = "<group>"; };
		8B56E45824D3B70000EDDF41 /* SceneDelegate.swift */ = {isa = PBXFileReference; lastKnownFileType = sourcecode.swift; path = SceneDelegate.swift; sourceTree = "<group>"; };
		8B56E45F24D3B70100EDDF41 /* Assets.xcassets */ = {isa = PBXFileReference; lastKnownFileType = folder.assetcatalog; path = Assets.xcassets; sourceTree = "<group>"; };
		8B56E46224D3B70100EDDF41 /* Base */ = {isa = PBXFileReference; lastKnownFileType = file.storyboard; name = Base; path = Base.lproj/LaunchScreen.storyboard; sourceTree = "<group>"; };
		8B56E46424D3B70100EDDF41 /* Info.plist */ = {isa = PBXFileReference; lastKnownFileType = text.plist.xml; path = Info.plist; sourceTree = "<group>"; };
		8B56E46924D3B70100EDDF41 /* GrassChoppersTests.xctest */ = {isa = PBXFileReference; explicitFileType = wrapper.cfbundle; includeInIndex = 0; path = GrassChoppersTests.xctest; sourceTree = BUILT_PRODUCTS_DIR; };
		8B56E46D24D3B70100EDDF41 /* GrassChoppersTests.swift */ = {isa = PBXFileReference; lastKnownFileType = sourcecode.swift; path = GrassChoppersTests.swift; sourceTree = "<group>"; };
		8B56E46F24D3B70100EDDF41 /* Info.plist */ = {isa = PBXFileReference; lastKnownFileType = text.plist.xml; path = Info.plist; sourceTree = "<group>"; };
		8B56E47424D3B70100EDDF41 /* GrassChoppersUITests.xctest */ = {isa = PBXFileReference; explicitFileType = wrapper.cfbundle; includeInIndex = 0; path = GrassChoppersUITests.xctest; sourceTree = BUILT_PRODUCTS_DIR; };
		8B56E47824D3B70100EDDF41 /* GrassChoppersUITests.swift */ = {isa = PBXFileReference; lastKnownFileType = sourcecode.swift; path = GrassChoppersUITests.swift; sourceTree = "<group>"; };
		8B56E47A24D3B70100EDDF41 /* Info.plist */ = {isa = PBXFileReference; lastKnownFileType = text.plist.xml; path = Info.plist; sourceTree = "<group>"; };
		8B56E4A324D3BA5B00EDDF41 /* DataManager.swift */ = {isa = PBXFileReference; fileEncoding = 4; lastKnownFileType = sourcecode.swift; path = DataManager.swift; sourceTree = "<group>"; };
		8B56E4A424D3BA5B00EDDF41 /* ViewController.swift */ = {isa = PBXFileReference; fileEncoding = 4; lastKnownFileType = sourcecode.swift; path = ViewController.swift; sourceTree = "<group>"; };
		8B56E4A524D3BA5B00EDDF41 /* Assembly.swift */ = {isa = PBXFileReference; fileEncoding = 4; lastKnownFileType = sourcecode.swift; path = Assembly.swift; sourceTree = "<group>"; };
		8B56E4A624D3BA5B00EDDF41 /* LogicController.swift */ = {isa = PBXFileReference; fileEncoding = 4; lastKnownFileType = sourcecode.swift; path = LogicController.swift; sourceTree = "<group>"; };
		8B56E4A724D3BA5B00EDDF41 /* Router.swift */ = {isa = PBXFileReference; fileEncoding = 4; lastKnownFileType = sourcecode.swift; path = Router.swift; sourceTree = "<group>"; };
		8B56E4A824D3BA5B00EDDF41 /* Module.swift */ = {isa = PBXFileReference; fileEncoding = 4; lastKnownFileType = sourcecode.swift; path = Module.swift; sourceTree = "<group>"; };
		A1D6460DA1C2C07098E1DC68 /* Pods-GrassChoppers.release.xcconfig */ = {isa = PBXFileReference; includeInIndex = 1; lastKnownFileType = text.xcconfig; name = "Pods-GrassChoppers.release.xcconfig"; path = "Target Support Files/Pods-GrassChoppers/Pods-GrassChoppers.release.xcconfig"; sourceTree = "<group>"; };
		B69CDA3151D5E36CA24F96F1 /* Pods-GrassChoppers-GrassChoppersUITests.release.xcconfig */ = {isa = PBXFileReference; includeInIndex = 1; lastKnownFileType = text.xcconfig; name = "Pods-GrassChoppers-GrassChoppersUITests.release.xcconfig"; path = "Target Support Files/Pods-GrassChoppers-GrassChoppersUITests/Pods-GrassChoppers-GrassChoppersUITests.release.xcconfig"; sourceTree = "<group>"; };
		C0DE411DC9DE3DDE05C10636 /* Pods-GrassChoppers-GrassChoppersUITests.debug.xcconfig */ = {isa = PBXFileReference; includeInIndex = 1; lastKnownFileType = text.xcconfig; name = "Pods-GrassChoppers-GrassChoppersUITests.debug.xcconfig"; path = "Target Support Files/Pods-GrassChoppers-GrassChoppersUITests/Pods-GrassChoppers-GrassChoppersUITests.debug.xcconfig"; sourceTree = "<group>"; };
/* End PBXFileReference section */

/* Begin PBXFrameworksBuildPhase section */
		8B56E45024D3B70000EDDF41 /* Frameworks */ = {
			isa = PBXFrameworksBuildPhase;
			buildActionMask = 2147483647;
			files = (
				9701BB0638C1609BD1C582DA /* Pods_GrassChoppers.framework in Frameworks */,
			);
			runOnlyForDeploymentPostprocessing = 0;
		};
		8B56E46624D3B70100EDDF41 /* Frameworks */ = {
			isa = PBXFrameworksBuildPhase;
			buildActionMask = 2147483647;
			files = (
				6145495A631A343270139452 /* Pods_GrassChoppersTests.framework in Frameworks */,
			);
			runOnlyForDeploymentPostprocessing = 0;
		};
		8B56E47124D3B70100EDDF41 /* Frameworks */ = {
			isa = PBXFrameworksBuildPhase;
			buildActionMask = 2147483647;
			files = (
				6C743DEB0BFF0A880528EF0A /* Pods_GrassChoppers_GrassChoppersUITests.framework in Frameworks */,
			);
			runOnlyForDeploymentPostprocessing = 0;
		};
/* End PBXFrameworksBuildPhase section */

/* Begin PBXGroup section */
		8B56E44A24D3B70000EDDF41 = {
			isa = PBXGroup;
			children = (
				8B56E45524D3B70000EDDF41 /* GrassChoppers */,
				8B56E46C24D3B70100EDDF41 /* GrassChoppersTests */,
				8B56E47724D3B70100EDDF41 /* GrassChoppersUITests */,
				8B56E45424D3B70000EDDF41 /* Products */,
				DD59EBF563B3E025D27E3814 /* Pods */,
				CEB080415C5DA31B16177071 /* Frameworks */,
			);
			sourceTree = "<group>";
		};
		8B56E45424D3B70000EDDF41 /* Products */ = {
			isa = PBXGroup;
			children = (
				8B56E45324D3B70000EDDF41 /* GrassChoppers.app */,
				8B56E46924D3B70100EDDF41 /* GrassChoppersTests.xctest */,
				8B56E47424D3B70100EDDF41 /* GrassChoppersUITests.xctest */,
			);
			name = Products;
			sourceTree = "<group>";
		};
		8B56E45524D3B70000EDDF41 /* GrassChoppers */ = {
			isa = PBXGroup;
			children = (
				8B56E45624D3B70000EDDF41 /* AppDelegate.swift */,
				8B56E45824D3B70000EDDF41 /* SceneDelegate.swift */,
				8B56E4A224D3BA5B00EDDF41 /* ModuleTemplate */,
				8B56E45F24D3B70100EDDF41 /* Assets.xcassets */,
				8B56E46124D3B70100EDDF41 /* LaunchScreen.storyboard */,
				8B56E46424D3B70100EDDF41 /* Info.plist */,
			);
			path = GrassChoppers;
			sourceTree = "<group>";
		};
		8B56E46C24D3B70100EDDF41 /* GrassChoppersTests */ = {
			isa = PBXGroup;
			children = (
				8B56E46D24D3B70100EDDF41 /* GrassChoppersTests.swift */,
				8B56E46F24D3B70100EDDF41 /* Info.plist */,
			);
			path = GrassChoppersTests;
			sourceTree = "<group>";
		};
		8B56E47724D3B70100EDDF41 /* GrassChoppersUITests */ = {
			isa = PBXGroup;
			children = (
				8B56E47824D3B70100EDDF41 /* GrassChoppersUITests.swift */,
				8B56E47A24D3B70100EDDF41 /* Info.plist */,
			);
			path = GrassChoppersUITests;
			sourceTree = "<group>";
		};
		8B56E4A224D3BA5B00EDDF41 /* ModuleTemplate */ = {
			isa = PBXGroup;
			children = (
				8B56E4A324D3BA5B00EDDF41 /* DataManager.swift */,
				8B56E4A424D3BA5B00EDDF41 /* ViewController.swift */,
				8B56E4A624D3BA5B00EDDF41 /* LogicController.swift */,
				8B56E4A724D3BA5B00EDDF41 /* Router.swift */,
				8B56E4A524D3BA5B00EDDF41 /* Assembly.swift */,
				8B56E4A824D3BA5B00EDDF41 /* Module.swift */,
			);
			path = ModuleTemplate;
			sourceTree = "<group>";
		};
		CEB080415C5DA31B16177071 /* Frameworks */ = {
			isa = PBXGroup;
			children = (
				497F6234C23FEB212E9B4566 /* Pods_GrassChoppers.framework */,
				0E990D92A5DAA8167A75D007 /* Pods_GrassChoppers_GrassChoppersUITests.framework */,
				6449AEDBEC2C295F09737911 /* Pods_GrassChoppersTests.framework */,
			);
			name = Frameworks;
			sourceTree = "<group>";
		};
		DD59EBF563B3E025D27E3814 /* Pods */ = {
			isa = PBXGroup;
			children = (
				67F0E95C70E2DFDDB2EA84D2 /* Pods-GrassChoppers.debug.xcconfig */,
				A1D6460DA1C2C07098E1DC68 /* Pods-GrassChoppers.release.xcconfig */,
				C0DE411DC9DE3DDE05C10636 /* Pods-GrassChoppers-GrassChoppersUITests.debug.xcconfig */,
				B69CDA3151D5E36CA24F96F1 /* Pods-GrassChoppers-GrassChoppersUITests.release.xcconfig */,
				300D67B82E29FFDA9B27BB6C /* Pods-GrassChoppersTests.debug.xcconfig */,
				1D306587B871AE1B5F62790A /* Pods-GrassChoppersTests.release.xcconfig */,
			);
			path = Pods;
			sourceTree = "<group>";
		};
/* End PBXGroup section */

/* Begin PBXNativeTarget section */
		8B56E45224D3B70000EDDF41 /* GrassChoppers */ = {
			isa = PBXNativeTarget;
			buildConfigurationList = 8B56E47D24D3B70100EDDF41 /* Build configuration list for PBXNativeTarget "GrassChoppers" */;
			buildPhases = (
				0B405A5691833CFDC7E57031 /* [CP] Check Pods Manifest.lock */,
				8B56E44F24D3B70000EDDF41 /* Sources */,
				8B56E45024D3B70000EDDF41 /* Frameworks */,
				8B56E45124D3B70000EDDF41 /* Resources */,
				EA7EAC8F0212C3B5DC8A7861 /* [CP] Embed Pods Frameworks */,
			);
			buildRules = (
			);
			dependencies = (
			);
			name = GrassChoppers;
			productName = GrassChoppers;
			productReference = 8B56E45324D3B70000EDDF41 /* GrassChoppers.app */;
			productType = "com.apple.product-type.application";
		};
		8B56E46824D3B70100EDDF41 /* GrassChoppersTests */ = {
			isa = PBXNativeTarget;
			buildConfigurationList = 8B56E48024D3B70100EDDF41 /* Build configuration list for PBXNativeTarget "GrassChoppersTests" */;
			buildPhases = (
				E091D9CFA4BE179313220E93 /* [CP] Check Pods Manifest.lock */,
				8B56E46524D3B70100EDDF41 /* Sources */,
				8B56E46624D3B70100EDDF41 /* Frameworks */,
				8B56E46724D3B70100EDDF41 /* Resources */,
			);
			buildRules = (
			);
			dependencies = (
				8B56E46B24D3B70100EDDF41 /* PBXTargetDependency */,
			);
			name = GrassChoppersTests;
			productName = GrassChoppersTests;
			productReference = 8B56E46924D3B70100EDDF41 /* GrassChoppersTests.xctest */;
			productType = "com.apple.product-type.bundle.unit-test";
		};
		8B56E47324D3B70100EDDF41 /* GrassChoppersUITests */ = {
			isa = PBXNativeTarget;
			buildConfigurationList = 8B56E48324D3B70100EDDF41 /* Build configuration list for PBXNativeTarget "GrassChoppersUITests" */;
			buildPhases = (
				A12EFD72109B60D9738B3571 /* [CP] Check Pods Manifest.lock */,
				8B56E47024D3B70100EDDF41 /* Sources */,
				8B56E47124D3B70100EDDF41 /* Frameworks */,
				8B56E47224D3B70100EDDF41 /* Resources */,
				701A793A12A9E4F57F1E932C /* [CP] Embed Pods Frameworks */,
			);
			buildRules = (
			);
			dependencies = (
				8B56E47624D3B70100EDDF41 /* PBXTargetDependency */,
			);
			name = GrassChoppersUITests;
			productName = GrassChoppersUITests;
			productReference = 8B56E47424D3B70100EDDF41 /* GrassChoppersUITests.xctest */;
			productType = "com.apple.product-type.bundle.ui-testing";
		};
/* End PBXNativeTarget section */

/* Begin PBXProject section */
		8B56E44B24D3B70000EDDF41 /* Project object */ = {
			isa = PBXProject;
			attributes = {
				LastSwiftUpdateCheck = 1150;
				LastUpgradeCheck = 1150;
				ORGANIZATIONNAME = JwitApps;
				TargetAttributes = {
					8B56E45224D3B70000EDDF41 = {
						CreatedOnToolsVersion = 11.5;
					};
					8B56E46824D3B70100EDDF41 = {
						CreatedOnToolsVersion = 11.5;
						TestTargetID = 8B56E45224D3B70000EDDF41;
					};
					8B56E47324D3B70100EDDF41 = {
						CreatedOnToolsVersion = 11.5;
						TestTargetID = 8B56E45224D3B70000EDDF41;
					};
				};
			};
			buildConfigurationList = 8B56E44E24D3B70000EDDF41 /* Build configuration list for PBXProject "GrassChoppers" */;
			compatibilityVersion = "Xcode 9.3";
			developmentRegion = en;
			hasScannedForEncodings = 0;
			knownRegions = (
				en,
				Base,
			);
			mainGroup = 8B56E44A24D3B70000EDDF41;
			productRefGroup = 8B56E45424D3B70000EDDF41 /* Products */;
			projectDirPath = "";
			projectRoot = "";
			targets = (
				8B56E45224D3B70000EDDF41 /* GrassChoppers */,
				8B56E46824D3B70100EDDF41 /* GrassChoppersTests */,
				8B56E47324D3B70100EDDF41 /* GrassChoppersUITests */,
			);
		};
/* End PBXProject section */

/* Begin PBXResourcesBuildPhase section */
		8B56E45124D3B70000EDDF41 /* Resources */ = {
			isa = PBXResourcesBuildPhase;
			buildActionMask = 2147483647;
			files = (
				8B56E46324D3B70100EDDF41 /* LaunchScreen.storyboard in Resources */,
				8B56E46024D3B70100EDDF41 /* Assets.xcassets in Resources */,
			);
			runOnlyForDeploymentPostprocessing = 0;
		};
		8B56E46724D3B70100EDDF41 /* Resources */ = {
			isa = PBXResourcesBuildPhase;
			buildActionMask = 2147483647;
			files = (
			);
			runOnlyForDeploymentPostprocessing = 0;
		};
		8B56E47224D3B70100EDDF41 /* Resources */ = {
			isa = PBXResourcesBuildPhase;
			buildActionMask = 2147483647;
			files = (
			);
			runOnlyForDeploymentPostprocessing = 0;
		};
/* End PBXResourcesBuildPhase section */

/* Begin PBXShellScriptBuildPhase section */
		0B405A5691833CFDC7E57031 /* [CP] Check Pods Manifest.lock */ = {
			isa = PBXShellScriptBuildPhase;
			buildActionMask = 2147483647;
			files = (
			);
			inputFileListPaths = (
			);
			inputPaths = (
				"${PODS_PODFILE_DIR_PATH}/Podfile.lock",
				"${PODS_ROOT}/Manifest.lock",
			);
			name = "[CP] Check Pods Manifest.lock";
			outputFileListPaths = (
			);
			outputPaths = (
				"$(DERIVED_FILE_DIR)/Pods-GrassChoppers-checkManifestLockResult.txt",
			);
			runOnlyForDeploymentPostprocessing = 0;
			shellPath = /bin/sh;
			shellScript = "diff \"${PODS_PODFILE_DIR_PATH}/Podfile.lock\" \"${PODS_ROOT}/Manifest.lock\" > /dev/null\nif [ $? != 0 ] ; then\n    # print error to STDERR\n    echo \"error: The sandbox is not in sync with the Podfile.lock. Run 'pod install' or update your CocoaPods installation.\" >&2\n    exit 1\nfi\n# This output is used by Xcode 'outputs' to avoid re-running this script phase.\necho \"SUCCESS\" > \"${SCRIPT_OUTPUT_FILE_0}\"\n";
			showEnvVarsInLog = 0;
		};
		701A793A12A9E4F57F1E932C /* [CP] Embed Pods Frameworks */ = {
			isa = PBXShellScriptBuildPhase;
			buildActionMask = 2147483647;
			files = (
			);
			inputFileListPaths = (
				"${PODS_ROOT}/Target Support Files/Pods-GrassChoppers-GrassChoppersUITests/Pods-GrassChoppers-GrassChoppersUITests-frameworks-${CONFIGURATION}-input-files.xcfilelist",
			);
			name = "[CP] Embed Pods Frameworks";
			outputFileListPaths = (
				"${PODS_ROOT}/Target Support Files/Pods-GrassChoppers-GrassChoppersUITests/Pods-GrassChoppers-GrassChoppersUITests-frameworks-${CONFIGURATION}-output-files.xcfilelist",
			);
			runOnlyForDeploymentPostprocessing = 0;
			shellPath = /bin/sh;
			shellScript = "\"${PODS_ROOT}/Target Support Files/Pods-GrassChoppers-GrassChoppersUITests/Pods-GrassChoppers-GrassChoppersUITests-frameworks.sh\"\n";
			showEnvVarsInLog = 0;
		};
		A12EFD72109B60D9738B3571 /* [CP] Check Pods Manifest.lock */ = {
			isa = PBXShellScriptBuildPhase;
			buildActionMask = 2147483647;
			files = (
			);
			inputFileListPaths = (
			);
			inputPaths = (
				"${PODS_PODFILE_DIR_PATH}/Podfile.lock",
				"${PODS_ROOT}/Manifest.lock",
			);
			name = "[CP] Check Pods Manifest.lock";
			outputFileListPaths = (
			);
			outputPaths = (
				"$(DERIVED_FILE_DIR)/Pods-GrassChoppers-GrassChoppersUITests-checkManifestLockResult.txt",
			);
			runOnlyForDeploymentPostprocessing = 0;
			shellPath = /bin/sh;
			shellScript = "diff \"${PODS_PODFILE_DIR_PATH}/Podfile.lock\" \"${PODS_ROOT}/Manifest.lock\" > /dev/null\nif [ $? != 0 ] ; then\n    # print error to STDERR\n    echo \"error: The sandbox is not in sync with the Podfile.lock. Run 'pod install' or update your CocoaPods installation.\" >&2\n    exit 1\nfi\n# This output is used by Xcode 'outputs' to avoid re-running this script phase.\necho \"SUCCESS\" > \"${SCRIPT_OUTPUT_FILE_0}\"\n";
			showEnvVarsInLog = 0;
		};
		E091D9CFA4BE179313220E93 /* [CP] Check Pods Manifest.lock */ = {
			isa = PBXShellScriptBuildPhase;
			buildActionMask = 2147483647;
			files = (
			);
			inputFileListPaths = (
			);
			inputPaths = (
				"${PODS_PODFILE_DIR_PATH}/Podfile.lock",
				"${PODS_ROOT}/Manifest.lock",
			);
			name = "[CP] Check Pods Manifest.lock";
			outputFileListPaths = (
			);
			outputPaths = (
				"$(DERIVED_FILE_DIR)/Pods-GrassChoppersTests-checkManifestLockResult.txt",
			);
			runOnlyForDeploymentPostprocessing = 0;
			shellPath = /bin/sh;
			shellScript = "diff \"${PODS_PODFILE_DIR_PATH}/Podfile.lock\" \"${PODS_ROOT}/Manifest.lock\" > /dev/null\nif [ $? != 0 ] ; then\n    # print error to STDERR\n    echo \"error: The sandbox is not in sync with the Podfile.lock. Run 'pod install' or update your CocoaPods installation.\" >&2\n    exit 1\nfi\n# This output is used by Xcode 'outputs' to avoid re-running this script phase.\necho \"SUCCESS\" > \"${SCRIPT_OUTPUT_FILE_0}\"\n";
			showEnvVarsInLog = 0;
		};
		EA7EAC8F0212C3B5DC8A7861 /* [CP] Embed Pods Frameworks */ = {
			isa = PBXShellScriptBuildPhase;
			buildActionMask = 2147483647;
			files = (
			);
			inputFileListPaths = (
				"${PODS_ROOT}/Target Support Files/Pods-GrassChoppers/Pods-GrassChoppers-frameworks-${CONFIGURATION}-input-files.xcfilelist",
			);
			name = "[CP] Embed Pods Frameworks";
			outputFileListPaths = (
				"${PODS_ROOT}/Target Support Files/Pods-GrassChoppers/Pods-GrassChoppers-frameworks-${CONFIGURATION}-output-files.xcfilelist",
			);
			runOnlyForDeploymentPostprocessing = 0;
			shellPath = /bin/sh;
			shellScript = "\"${PODS_ROOT}/Target Support Files/Pods-GrassChoppers/Pods-GrassChoppers-frameworks.sh\"\n";
			showEnvVarsInLog = 0;
		};
/* End PBXShellScriptBuildPhase section */

/* Begin PBXSourcesBuildPhase section */
		8B56E44F24D3B70000EDDF41 /* Sources */ = {
			isa = PBXSourcesBuildPhase;
			buildActionMask = 2147483647;
			files = (
				8B56E45724D3B70000EDDF41 /* AppDelegate.swift in Sources */,
				8B56E4AB24D3BA5B00EDDF41 /* Assembly.swift in Sources */,
				8B56E4A924D3BA5B00EDDF41 /* DataManager.swift in Sources */,
				8B56E4AD24D3BA5B00EDDF41 /* Router.swift in Sources */,
				8B56E4AA24D3BA5B00EDDF41 /* ViewController.swift in Sources */,
				8B56E4AE24D3BA5B00EDDF41 /* Module.swift in Sources */,
				8B56E4AC24D3BA5B00EDDF41 /* LogicController.swift in Sources */,
				8B56E45924D3B70000EDDF41 /* SceneDelegate.swift in Sources */,
			);
			runOnlyForDeploymentPostprocessing = 0;
		};
		8B56E46524D3B70100EDDF41 /* Sources */ = {
			isa = PBXSourcesBuildPhase;
			buildActionMask = 2147483647;
			files = (
				8B56E46E24D3B70100EDDF41 /* GrassChoppersTests.swift in Sources */,
			);
			runOnlyForDeploymentPostprocessing = 0;
		};
		8B56E47024D3B70100EDDF41 /* Sources */ = {
			isa = PBXSourcesBuildPhase;
			buildActionMask = 2147483647;
			files = (
				8B56E47924D3B70100EDDF41 /* GrassChoppersUITests.swift in Sources */,
			);
			runOnlyForDeploymentPostprocessing = 0;
		};
/* End PBXSourcesBuildPhase section */

/* Begin PBXTargetDependency section */
		8B56E46B24D3B70100EDDF41 /* PBXTargetDependency */ = {
			isa = PBXTargetDependency;
			target = 8B56E45224D3B70000EDDF41 /* GrassChoppers */;
			targetProxy = 8B56E46A24D3B70100EDDF41 /* PBXContainerItemProxy */;
		};
		8B56E47624D3B70100EDDF41 /* PBXTargetDependency */ = {
			isa = PBXTargetDependency;
			target = 8B56E45224D3B70000EDDF41 /* GrassChoppers */;
			targetProxy = 8B56E47524D3B70100EDDF41 /* PBXContainerItemProxy */;
		};
/* End PBXTargetDependency section */

/* Begin PBXVariantGroup section */
		8B56E46124D3B70100EDDF41 /* LaunchScreen.storyboard */ = {
			isa = PBXVariantGroup;
			children = (
				8B56E46224D3B70100EDDF41 /* Base */,
			);
			name = LaunchScreen.storyboard;
			sourceTree = "<group>";
		};
/* End PBXVariantGroup section */

/* Begin XCBuildConfiguration section */
		8B56E47B24D3B70100EDDF41 /* Debug */ = {
			isa = XCBuildConfiguration;
			buildSettings = {
				ALWAYS_SEARCH_USER_PATHS = NO;
				CLANG_ANALYZER_NONNULL = YES;
				CLANG_ANALYZER_NUMBER_OBJECT_CONVERSION = YES_AGGRESSIVE;
				CLANG_CXX_LANGUAGE_STANDARD = "gnu++14";
				CLANG_CXX_LIBRARY = "libc++";
				CLANG_ENABLE_MODULES = YES;
				CLANG_ENABLE_OBJC_ARC = YES;
				CLANG_ENABLE_OBJC_WEAK = YES;
				CLANG_WARN_BLOCK_CAPTURE_AUTORELEASING = YES;
				CLANG_WARN_BOOL_CONVERSION = YES;
				CLANG_WARN_COMMA = YES;
				CLANG_WARN_CONSTANT_CONVERSION = YES;
				CLANG_WARN_DEPRECATED_OBJC_IMPLEMENTATIONS = YES;
				CLANG_WARN_DIRECT_OBJC_ISA_USAGE = YES_ERROR;
				CLANG_WARN_DOCUMENTATION_COMMENTS = YES;
				CLANG_WARN_EMPTY_BODY = YES;
				CLANG_WARN_ENUM_CONVERSION = YES;
				CLANG_WARN_INFINITE_RECURSION = YES;
				CLANG_WARN_INT_CONVERSION = YES;
				CLANG_WARN_NON_LITERAL_NULL_CONVERSION = YES;
				CLANG_WARN_OBJC_IMPLICIT_RETAIN_SELF = YES;
				CLANG_WARN_OBJC_LITERAL_CONVERSION = YES;
				CLANG_WARN_OBJC_ROOT_CLASS = YES_ERROR;
				CLANG_WARN_RANGE_LOOP_ANALYSIS = YES;
				CLANG_WARN_STRICT_PROTOTYPES = YES;
				CLANG_WARN_SUSPICIOUS_MOVE = YES;
				CLANG_WARN_UNGUARDED_AVAILABILITY = YES_AGGRESSIVE;
				CLANG_WARN_UNREACHABLE_CODE = YES;
				CLANG_WARN__DUPLICATE_METHOD_MATCH = YES;
				COPY_PHASE_STRIP = NO;
				DEBUG_INFORMATION_FORMAT = dwarf;
				ENABLE_STRICT_OBJC_MSGSEND = YES;
				ENABLE_TESTABILITY = YES;
				GCC_C_LANGUAGE_STANDARD = gnu11;
				GCC_DYNAMIC_NO_PIC = NO;
				GCC_NO_COMMON_BLOCKS = YES;
				GCC_OPTIMIZATION_LEVEL = 0;
				GCC_PREPROCESSOR_DEFINITIONS = (
					"DEBUG=1",
					"$(inherited)",
				);
				GCC_WARN_64_TO_32_BIT_CONVERSION = YES;
				GCC_WARN_ABOUT_RETURN_TYPE = YES_ERROR;
				GCC_WARN_UNDECLARED_SELECTOR = YES;
				GCC_WARN_UNINITIALIZED_AUTOS = YES_AGGRESSIVE;
				GCC_WARN_UNUSED_FUNCTION = YES;
				GCC_WARN_UNUSED_VARIABLE = YES;
				IPHONEOS_DEPLOYMENT_TARGET = 13.5;
				MTL_ENABLE_DEBUG_INFO = INCLUDE_SOURCE;
				MTL_FAST_MATH = YES;
				ONLY_ACTIVE_ARCH = YES;
				SDKROOT = iphoneos;
				SWIFT_ACTIVE_COMPILATION_CONDITIONS = DEBUG;
				SWIFT_OPTIMIZATION_LEVEL = "-Onone";
			};
			name = Debug;
		};
		8B56E47C24D3B70100EDDF41 /* Release */ = {
			isa = XCBuildConfiguration;
			buildSettings = {
				ALWAYS_SEARCH_USER_PATHS = NO;
				CLANG_ANALYZER_NONNULL = YES;
				CLANG_ANALYZER_NUMBER_OBJECT_CONVERSION = YES_AGGRESSIVE;
				CLANG_CXX_LANGUAGE_STANDARD = "gnu++14";
				CLANG_CXX_LIBRARY = "libc++";
				CLANG_ENABLE_MODULES = YES;
				CLANG_ENABLE_OBJC_ARC = YES;
				CLANG_ENABLE_OBJC_WEAK = YES;
				CLANG_WARN_BLOCK_CAPTURE_AUTORELEASING = YES;
				CLANG_WARN_BOOL_CONVERSION = YES;
				CLANG_WARN_COMMA = YES;
				CLANG_WARN_CONSTANT_CONVERSION = YES;
				CLANG_WARN_DEPRECATED_OBJC_IMPLEMENTATIONS = YES;
				CLANG_WARN_DIRECT_OBJC_ISA_USAGE = YES_ERROR;
				CLANG_WARN_DOCUMENTATION_COMMENTS = YES;
				CLANG_WARN_EMPTY_BODY = YES;
				CLANG_WARN_ENUM_CONVERSION = YES;
				CLANG_WARN_INFINITE_RECURSION = YES;
				CLANG_WARN_INT_CONVERSION = YES;
				CLANG_WARN_NON_LITERAL_NULL_CONVERSION = YES;
				CLANG_WARN_OBJC_IMPLICIT_RETAIN_SELF = YES;
				CLANG_WARN_OBJC_LITERAL_CONVERSION = YES;
				CLANG_WARN_OBJC_ROOT_CLASS = YES_ERROR;
				CLANG_WARN_RANGE_LOOP_ANALYSIS = YES;
				CLANG_WARN_STRICT_PROTOTYPES = YES;
				CLANG_WARN_SUSPICIOUS_MOVE = YES;
				CLANG_WARN_UNGUARDED_AVAILABILITY = YES_AGGRESSIVE;
				CLANG_WARN_UNREACHABLE_CODE = YES;
				CLANG_WARN__DUPLICATE_METHOD_MATCH = YES;
				COPY_PHASE_STRIP = NO;
				DEBUG_INFORMATION_FORMAT = "dwarf-with-dsym";
				ENABLE_NS_ASSERTIONS = NO;
				ENABLE_STRICT_OBJC_MSGSEND = YES;
				GCC_C_LANGUAGE_STANDARD = gnu11;
				GCC_NO_COMMON_BLOCKS = YES;
				GCC_WARN_64_TO_32_BIT_CONVERSION = YES;
				GCC_WARN_ABOUT_RETURN_TYPE = YES_ERROR;
				GCC_WARN_UNDECLARED_SELECTOR = YES;
				GCC_WARN_UNINITIALIZED_AUTOS = YES_AGGRESSIVE;
				GCC_WARN_UNUSED_FUNCTION = YES;
				GCC_WARN_UNUSED_VARIABLE = YES;
				IPHONEOS_DEPLOYMENT_TARGET = 13.5;
				MTL_ENABLE_DEBUG_INFO = NO;
				MTL_FAST_MATH = YES;
				SDKROOT = iphoneos;
				SWIFT_COMPILATION_MODE = wholemodule;
				SWIFT_OPTIMIZATION_LEVEL = "-O";
				VALIDATE_PRODUCT = YES;
			};
			name = Release;
		};
		8B56E47E24D3B70100EDDF41 /* Debug */ = {
			isa = XCBuildConfiguration;
			baseConfigurationReference = 67F0E95C70E2DFDDB2EA84D2 /* Pods-GrassChoppers.debug.xcconfig */;
			buildSettings = {
				ASSETCATALOG_COMPILER_APPICON_NAME = AppIcon;
				CODE_SIGN_STYLE = Automatic;
				DEVELOPMENT_TEAM = 349WFX4WJR;
				INFOPLIST_FILE = GrassChoppers/Info.plist;
				LD_RUNPATH_SEARCH_PATHS = (
					"$(inherited)",
					"@executable_path/Frameworks",
				);
				PRODUCT_BUNDLE_IDENTIFIER = com.jwitapps.GrassChoppers;
				PRODUCT_NAME = "$(TARGET_NAME)";
				SWIFT_VERSION = 5.0;
				TARGETED_DEVICE_FAMILY = "1,2";
			};
			name = Debug;
		};
		8B56E47F24D3B70100EDDF41 /* Release */ = {
			isa = XCBuildConfiguration;
			baseConfigurationReference = A1D6460DA1C2C07098E1DC68 /* Pods-GrassChoppers.release.xcconfig */;
			buildSettings = {
				ASSETCATALOG_COMPILER_APPICON_NAME = AppIcon;
				CODE_SIGN_STYLE = Automatic;
				DEVELOPMENT_TEAM = 349WFX4WJR;
				INFOPLIST_FILE = GrassChoppers/Info.plist;
				LD_RUNPATH_SEARCH_PATHS = (
					"$(inherited)",
					"@executable_path/Frameworks",
				);
				PRODUCT_BUNDLE_IDENTIFIER = com.jwitapps.GrassChoppers;
				PRODUCT_NAME = "$(TARGET_NAME)";
				SWIFT_VERSION = 5.0;
				TARGETED_DEVICE_FAMILY = "1,2";
			};
			name = Release;
		};
		8B56E48124D3B70100EDDF41 /* Debug */ = {
			isa = XCBuildConfiguration;
			baseConfigurationReference = 300D67B82E29FFDA9B27BB6C /* Pods-GrassChoppersTests.debug.xcconfig */;
			buildSettings = {
				ALWAYS_EMBED_SWIFT_STANDARD_LIBRARIES = YES;
				BUNDLE_LOADER = "$(TEST_HOST)";
				CODE_SIGN_STYLE = Automatic;
				DEVELOPMENT_TEAM = 349WFX4WJR;
				INFOPLIST_FILE = GrassChoppersTests/Info.plist;
				IPHONEOS_DEPLOYMENT_TARGET = 13.5;
				LD_RUNPATH_SEARCH_PATHS = (
					"$(inherited)",
					"@executable_path/Frameworks",
					"@loader_path/Frameworks",
				);
				PRODUCT_BUNDLE_IDENTIFIER = com.jwitapps.GrassChoppersTests;
				PRODUCT_NAME = "$(TARGET_NAME)";
				SWIFT_VERSION = 5.0;
				TARGETED_DEVICE_FAMILY = "1,2";
				TEST_HOST = "$(BUILT_PRODUCTS_DIR)/GrassChoppers.app/GrassChoppers";
			};
			name = Debug;
		};
		8B56E48224D3B70100EDDF41 /* Release */ = {
			isa = XCBuildConfiguration;
			baseConfigurationReference = 1D306587B871AE1B5F62790A /* Pods-GrassChoppersTests.release.xcconfig */;
			buildSettings = {
				ALWAYS_EMBED_SWIFT_STANDARD_LIBRARIES = YES;
				BUNDLE_LOADER = "$(TEST_HOST)";
				CODE_SIGN_STYLE = Automatic;
				DEVELOPMENT_TEAM = 349WFX4WJR;
				INFOPLIST_FILE = GrassChoppersTests/Info.plist;
				IPHONEOS_DEPLOYMENT_TARGET = 13.5;
				LD_RUNPATH_SEARCH_PATHS = (
					"$(inherited)",
					"@executable_path/Frameworks",
					"@loader_path/Frameworks",
				);
				PRODUCT_BUNDLE_IDENTIFIER = com.jwitapps.GrassChoppersTests;
				PRODUCT_NAME = "$(TARGET_NAME)";
				SWIFT_VERSION = 5.0;
				TARGETED_DEVICE_FAMILY = "1,2";
				TEST_HOST = "$(BUILT_PRODUCTS_DIR)/GrassChoppers.app/GrassChoppers";
			};
			name = Release;
		};
		8B56E48424D3B70100EDDF41 /* Debug */ = {
			isa = XCBuildConfiguration;
			baseConfigurationReference = C0DE411DC9DE3DDE05C10636 /* Pods-GrassChoppers-GrassChoppersUITests.debug.xcconfig */;
			buildSettings = {
				ALWAYS_EMBED_SWIFT_STANDARD_LIBRARIES = YES;
				CODE_SIGN_STYLE = Automatic;
				DEVELOPMENT_TEAM = 349WFX4WJR;
				INFOPLIST_FILE = GrassChoppersUITests/Info.plist;
				LD_RUNPATH_SEARCH_PATHS = (
					"$(inherited)",
					"@executable_path/Frameworks",
					"@loader_path/Frameworks",
				);
				PRODUCT_BUNDLE_IDENTIFIER = com.jwitapps.GrassChoppersUITests;
				PRODUCT_NAME = "$(TARGET_NAME)";
				SWIFT_VERSION = 5.0;
				TARGETED_DEVICE_FAMILY = "1,2";
				TEST_TARGET_NAME = GrassChoppers;
			};
			name = Debug;
		};
		8B56E48524D3B70100EDDF41 /* Release */ = {
			isa = XCBuildConfiguration;
			baseConfigurationReference = B69CDA3151D5E36CA24F96F1 /* Pods-GrassChoppers-GrassChoppersUITests.release.xcconfig */;
			buildSettings = {
				ALWAYS_EMBED_SWIFT_STANDARD_LIBRARIES = YES;
				CODE_SIGN_STYLE = Automatic;
				DEVELOPMENT_TEAM = 349WFX4WJR;
				INFOPLIST_FILE = GrassChoppersUITests/Info.plist;
				LD_RUNPATH_SEARCH_PATHS = (
					"$(inherited)",
					"@executable_path/Frameworks",
					"@loader_path/Frameworks",
				);
				PRODUCT_BUNDLE_IDENTIFIER = com.jwitapps.GrassChoppersUITests;
				PRODUCT_NAME = "$(TARGET_NAME)";
				SWIFT_VERSION = 5.0;
				TARGETED_DEVICE_FAMILY = "1,2";
				TEST_TARGET_NAME = GrassChoppers;
			};
			name = Release;
		};
/* End XCBuildConfiguration section */

/* Begin XCConfigurationList section */
		8B56E44E24D3B70000EDDF41 /* Build configuration list for PBXProject "GrassChoppers" */ = {
			isa = XCConfigurationList;
			buildConfigurations = (
				8B56E47B24D3B70100EDDF41 /* Debug */,
				8B56E47C24D3B70100EDDF41 /* Release */,
			);
			defaultConfigurationIsVisible = 0;
			defaultConfigurationName = Release;
		};
		8B56E47D24D3B70100EDDF41 /* Build configuration list for PBXNativeTarget "GrassChoppers" */ = {
			isa = XCConfigurationList;
			buildConfigurations = (
				8B56E47E24D3B70100EDDF41 /* Debug */,
				8B56E47F24D3B70100EDDF41 /* Release */,
			);
			defaultConfigurationIsVisible = 0;
			defaultConfigurationName = Release;
		};
		8B56E48024D3B70100EDDF41 /* Build configuration list for PBXNativeTarget "GrassChoppersTests" */ = {
			isa = XCConfigurationList;
			buildConfigurations = (
				8B56E48124D3B70100EDDF41 /* Debug */,
				8B56E48224D3B70100EDDF41 /* Release */,
			);
			defaultConfigurationIsVisible = 0;
			defaultConfigurationName = Release;
		};
		8B56E48324D3B70100EDDF41 /* Build configuration list for PBXNativeTarget "GrassChoppersUITests" */ = {
			isa = XCConfigurationList;
			buildConfigurations = (
				8B56E48424D3B70100EDDF41 /* Debug */,
				8B56E48524D3B70100EDDF41 /* Release */,
			);
			defaultConfigurationIsVisible = 0;
			defaultConfigurationName = Release;
		};
/* End XCConfigurationList section */
	};
	rootObject = 8B56E44B24D3B70000EDDF41 /* Project object */;
}
